
Microsoft Visual Studio Solution File, Format Version 12.00
# Visual Studio Version 17
VisualStudioVersion = 17.4.33213.308
MinimumVisualStudioVersion = 10.0.40219.1
Project("{FAE04EC0-301F-11D3-BF4B-00C04F79EFBC}") = "EasyRobotics", "EasyRobotics\EasyRobotics.csproj", "{2B477258-FAB7-4C9C-B224-1BDE6B6A7081}"
EndProject
Project("{2150E333-8FDC-42A3-9474-1A3956D46DE8}") = "Solution Items", "Solution Items", "{601DA5E1-A461-4EDF-8CA1-DFA0164446CB}"
	ProjectSection(SolutionItems) = preProject
		TECHNICAL.md = TECHNICAL.md
	EndProjectSection
EndProject
Global
	GlobalSection(SolutionConfigurationPlatforms) = preSolution
		Debug|Any CPU = Debug|Any CPU
		Release|Any CPU = Release|Any CPU
	EndGlobalSection
	GlobalSection(ProjectConfigurationPlatforms) = postSolution
		{2B477258-FAB7-4C9C-B224-1BDE6B6A7081}.Debug|Any CPU.ActiveCfg = Debug|Any CPU
		{2B477258-FAB7-4C9C-B224-1BDE6B6A7081}.Debug|Any CPU.Build.0 = Debug|Any CPU
		{2B477258-FAB7-4C9C-B224-1BDE6B6A7081}.Release|Any CPU.ActiveCfg = Release|Any CPU
		{2B477258-FAB7-4C9C-B224-1BDE6B6A7081}.Release|Any CPU.Build.0 = Release|Any CPU
	EndGlobalSection
	GlobalSection(SolutionProperties) = preSolution
		HideSolutionNode = FALSE
	EndGlobalSection
	GlobalSection(ExtensibilityGlobals) = postSolution
		SolutionGuid = {EF478A3F-10AE-40E0-914F-F46A1E652F42}
	EndGlobalSection
EndGlobal
